
Microsoft Visual Studio Solution File, Format Version 12.00
# Visual Studio Version 16
VisualStudioVersion = 16.0.32002.261
MinimumVisualStudioVersion = 10.0.40219.1
Project("{9A19103F-16F7-4668-BE54-9A1E7A4F7556}") = "KampIntro1", "KampIntro1\KampIntro1.csproj", "{F1C38597-2506-475E-9748-C0D6F84709D7}"
EndProject
Project("{9A19103F-16F7-4668-BE54-9A1E7A4F7556}") = "Donguler", "Donguler\Donguler.csproj", "{720C3E9C-3FBD-4F13-B56B-465D5BC457BB}"
EndProject
Project("{9A19103F-16F7-4668-BE54-9A1E7A4F7556}") = "ClassIntro", "ClassIntro\ClassIntro.csproj", "{0BA8F822-B452-4E39-8540-C5081E0EEEA1}"
EndProject
Project("{9A19103F-16F7-4668-BE54-9A1E7A4F7556}") = "Metotlar", "Metotlar\Metotlar.csproj", "{8A80764A-7946-4ED4-8CDC-071D36294B2D}"
EndProject
Project("{9A19103F-16F7-4668-BE54-9A1E7A4F7556}") = "Matematik", "Matematik\Matematik.csproj", "{E5B0A174-8CED-4080-8C49-6AA1798B50E4}"
EndProject
Project("{9A19103F-16F7-4668-BE54-9A1E7A4F7556}") = "DegerVeReferansTipler", "DegerVeReferansTipler\DegerVeReferansTipler.csproj", "{7DE44F7D-E8EB-46A2-A743-C156DF9E6327}"
EndProject
Project("{9A19103F-16F7-4668-BE54-9A1E7A4F7556}") = "OOP1", "OOP1\OOP1.csproj", "{E1AEAE7B-9FED-49CF-84B0-02595A9AE2C7}"
EndProject
Project("{9A19103F-16F7-4668-BE54-9A1E7A4F7556}") = "Koleksiyonlar", "Koleksiyonlar\Koleksiyonlar.csproj", "{01BACAEE-D343-49C4-949B-C29F7BA1D728}"
EndProject
Project("{9A19103F-16F7-4668-BE54-9A1E7A4F7556}") = "GenericsIntro", "GenericsIntro\GenericsIntro.csproj", "{59284B79-6F46-4291-AA04-15DD14E66A46}"
EndProject
Project("{9A19103F-16F7-4668-BE54-9A1E7A4F7556}") = "OOP2", "OOP2\OOP2.csproj", "{508664BC-EF0F-4419-ABD7-F346D86E7798}"
EndProject
Project("{9A19103F-16F7-4668-BE54-9A1E7A4F7556}") = "OOP3", "OOP3\OOP3.csproj", "{28FC8A07-F5C0-41AD-BCA7-EDFEBEB584E9}"
EndProject
Project("{9A19103F-16F7-4668-BE54-9A1E7A4F7556}") = "GameProject", "GameProject\GameProject.csproj", "{A1B36D1A-E7CC-4DD2-A50D-988F9598855F}"
EndProject
Project("{9A19103F-16F7-4668-BE54-9A1E7A4F7556}") = "LinqProjects", "Linq\LinqProjects.csproj", "{743A72FB-0CB6-4E3C-A94A-DDB02004F17F}"
EndProject
Project("{FAE04EC0-301F-11D3-BF4B-00C04F79EFBC}") = "TekarlamaLinq", "TekarlamaLinq\TekarlamaLinq.csproj", "{64D66892-6E09-4946-85C7-1FE13F8953F3}"
EndProject
Global
	GlobalSection(SolutionConfigurationPlatforms) = preSolution
		Debug|Any CPU = Debug|Any CPU
		Release|Any CPU = Release|Any CPU
	EndGlobalSection
	GlobalSection(ProjectConfigurationPlatforms) = postSolution
		{F1C38597-2506-475E-9748-C0D6F84709D7}.Debug|Any CPU.ActiveCfg = Debug|Any CPU
		{F1C38597-2506-475E-9748-C0D6F84709D7}.Debug|Any CPU.Build.0 = Debug|Any CPU
		{F1C38597-2506-475E-9748-C0D6F84709D7}.Release|Any CPU.ActiveCfg = Release|Any CPU
		{F1C38597-2506-475E-9748-C0D6F84709D7}.Release|Any CPU.Build.0 = Release|Any CPU
		{720C3E9C-3FBD-4F13-B56B-465D5BC457BB}.Debug|Any CPU.ActiveCfg = Debug|Any CPU
		{720C3E9C-3FBD-4F13-B56B-465D5BC457BB}.Debug|Any CPU.Build.0 = Debug|Any CPU
		{720C3E9C-3FBD-4F13-B56B-465D5BC457BB}.Release|Any CPU.ActiveCfg = Release|Any CPU
		{720C3E9C-3FBD-4F13-B56B-465D5BC457BB}.Release|Any CPU.Build.0 = Release|Any CPU
		{0BA8F822-B452-4E39-8540-C5081E0EEEA1}.Debug|Any CPU.ActiveCfg = Debug|Any CPU
		{0BA8F822-B452-4E39-8540-C5081E0EEEA1}.Debug|Any CPU.Build.0 = Debug|Any CPU
		{0BA8F822-B452-4E39-8540-C5081E0EEEA1}.Release|Any CPU.ActiveCfg = Release|Any CPU
		{0BA8F822-B452-4E39-8540-C5081E0EEEA1}.Release|Any CPU.Build.0 = Release|Any CPU
		{8A80764A-7946-4ED4-8CDC-071D36294B2D}.Debug|Any CPU.ActiveCfg = Debug|Any CPU
		{8A80764A-7946-4ED4-8CDC-071D36294B2D}.Debug|Any CPU.Build.0 = Debug|Any CPU
		{8A80764A-7946-4ED4-8CDC-071D36294B2D}.Release|Any CPU.ActiveCfg = Release|Any CPU
		{8A80764A-7946-4ED4-8CDC-071D36294B2D}.Release|Any CPU.Build.0 = Release|Any CPU
		{E5B0A174-8CED-4080-8C49-6AA1798B50E4}.Debug|Any CPU.ActiveCfg = Debug|Any CPU
		{E5B0A174-8CED-4080-8C49-6AA1798B50E4}.Debug|Any CPU.Build.0 = Debug|Any CPU
		{E5B0A174-8CED-4080-8C49-6AA1798B50E4}.Release|Any CPU.ActiveCfg = Release|Any CPU
		{E5B0A174-8CED-4080-8C49-6AA1798B50E4}.Release|Any CPU.Build.0 = Release|Any CPU
		{7DE44F7D-E8EB-46A2-A743-C156DF9E6327}.Debug|Any CPU.ActiveCfg = Debug|Any CPU
		{7DE44F7D-E8EB-46A2-A743-C156DF9E6327}.Debug|Any CPU.Build.0 = Debug|Any CPU
		{7DE44F7D-E8EB-46A2-A743-C156DF9E6327}.Release|Any CPU.ActiveCfg = Release|Any CPU
		{7DE44F7D-E8EB-46A2-A743-C156DF9E6327}.Release|Any CPU.Build.0 = Release|Any CPU
		{E1AEAE7B-9FED-49CF-84B0-02595A9AE2C7}.Debug|Any CPU.ActiveCfg = Debug|Any CPU
		{E1AEAE7B-9FED-49CF-84B0-02595A9AE2C7}.Debug|Any CPU.Build.0 = Debug|Any CPU
		{E1AEAE7B-9FED-49CF-84B0-02595A9AE2C7}.Release|Any CPU.ActiveCfg = Release|Any CPU
		{E1AEAE7B-9FED-49CF-84B0-02595A9AE2C7}.Release|Any CPU.Build.0 = Release|Any CPU
		{01BACAEE-D343-49C4-949B-C29F7BA1D728}.Debug|Any CPU.ActiveCfg = Debug|Any CPU
		{01BACAEE-D343-49C4-949B-C29F7BA1D728}.Debug|Any CPU.Build.0 = Debug|Any CPU
		{01BACAEE-D343-49C4-949B-C29F7BA1D728}.Release|Any CPU.ActiveCfg = Release|Any CPU
		{01BACAEE-D343-49C4-949B-C29F7BA1D728}.Release|Any CPU.Build.0 = Release|Any CPU
		{59284B79-6F46-4291-AA04-15DD14E66A46}.Debug|Any CPU.ActiveCfg = Debug|Any CPU
		{59284B79-6F46-4291-AA04-15DD14E66A46}.Debug|Any CPU.Build.0 = Debug|Any CPU
		{59284B79-6F46-4291-AA04-15DD14E66A46}.Release|Any CPU.ActiveCfg = Release|Any CPU
		{59284B79-6F46-4291-AA04-15DD14E66A46}.Release|Any CPU.Build.0 = Release|Any CPU
		{508664BC-EF0F-4419-ABD7-F346D86E7798}.Debug|Any CPU.ActiveCfg = Debug|Any CPU
		{508664BC-EF0F-4419-ABD7-F346D86E7798}.Debug|Any CPU.Build.0 = Debug|Any CPU
		{508664BC-EF0F-4419-ABD7-F346D86E7798}.Release|Any CPU.ActiveCfg = Release|Any CPU
		{508664BC-EF0F-4419-ABD7-F346D86E7798}.Release|Any CPU.Build.0 = Release|Any CPU
		{28FC8A07-F5C0-41AD-BCA7-EDFEBEB584E9}.Debug|Any CPU.ActiveCfg = Debug|Any CPU
		{28FC8A07-F5C0-41AD-BCA7-EDFEBEB584E9}.Debug|Any CPU.Build.0 = Debug|Any CPU
		{28FC8A07-F5C0-41AD-BCA7-EDFEBEB584E9}.Release|Any CPU.ActiveCfg = Release|Any CPU
		{28FC8A07-F5C0-41AD-BCA7-EDFEBEB584E9}.Release|Any CPU.Build.0 = Release|Any CPU
		{A1B36D1A-E7CC-4DD2-A50D-988F9598855F}.Debug|Any CPU.ActiveCfg = Debug|Any CPU
		{A1B36D1A-E7CC-4DD2-A50D-988F9598855F}.Debug|Any CPU.Build.0 = Debug|Any CPU
		{A1B36D1A-E7CC-4DD2-A50D-988F9598855F}.Release|Any CPU.ActiveCfg = Release|Any CPU
		{A1B36D1A-E7CC-4DD2-A50D-988F9598855F}.Release|Any CPU.Build.0 = Release|Any CPU
		{743A72FB-0CB6-4E3C-A94A-DDB02004F17F}.Debug|Any CPU.ActiveCfg = Debug|Any CPU
		{743A72FB-0CB6-4E3C-A94A-DDB02004F17F}.Debug|Any CPU.Build.0 = Debug|Any CPU
		{743A72FB-0CB6-4E3C-A94A-DDB02004F17F}.Release|Any CPU.ActiveCfg = Release|Any CPU
		{743A72FB-0CB6-4E3C-A94A-DDB02004F17F}.Release|Any CPU.Build.0 = Release|Any CPU
		{64D66892-6E09-4946-85C7-1FE13F8953F3}.Debug|Any CPU.ActiveCfg = Debug|Any CPU
		{64D66892-6E09-4946-85C7-1FE13F8953F3}.Debug|Any CPU.Build.0 = Debug|Any CPU
		{64D66892-6E09-4946-85C7-1FE13F8953F3}.Release|Any CPU.ActiveCfg = Release|Any CPU
		{64D66892-6E09-4946-85C7-1FE13F8953F3}.Release|Any CPU.Build.0 = Release|Any CPU
	EndGlobalSection
	GlobalSection(SolutionProperties) = preSolution
		HideSolutionNode = FALSE
	EndGlobalSection
	GlobalSection(ExtensibilityGlobals) = postSolution
		SolutionGuid = {BFB5B7C8-6140-4AAF-A17C-D5F341767DCB}
	EndGlobalSection
EndGlobal
